schema: '2.0'
stages:
  clean_data:
    cmd: python src/clean_step.py
    deps:
    - path: data/raw/census.csv
      md5: 12c208530a5680c15ae19b34152286dd
      size: 3518606
    - path: src/clean_step.py
      md5: 58015298ca0f864f99b551435cedc026
      size: 741
    outs:
    - path: data/prepared/cleaned_census.csv
      md5: 10800378458d5b19fc5f2607b8ce9c7d
      size: 3086792
